%{
  "abnf_parsec": {:hex, :abnf_parsec, "1.2.1", "c7964f031ac01f61c20680056ca0295b3b34a200038294e8147718d9d468ee28", [:mix], [{:nimble_parsec, "~> 1.1", [hex: :nimble_parsec, repo: "hexpm", optional: false]}], "hexpm", "df71684ebb3160d8d6e3f880ad1b5261855de43cc25adcb4692240e082d4cff3"},
  "nimble_parsec": {:hex, :nimble_parsec, "1.4.0", "51f9b613ea62cfa97b25ccc2c1b4216e81df970acd8e16e8d1bdc58fef21370d", [:mix], [], "hexpm", "9c565862810fb383e9838c1dd2d7d2c437b3d13b267414ba6af33e50d2d1cf28"},
}
